// !$*UTF8*$!
{
	archiveVersion = 1;
	classes = {
	};
	objectVersion = 48;
	objects = {

/* Begin PBXBuildFile section */
		5C509F7D20661862005981B2 /* AppDelegate.swift in Sources */ = {isa = PBXBuildFile; fileRef = 5C509F7C20661862005981B2 /* AppDelegate.swift */; };
		5C509F7F20661862005981B2 /* GameScene.sks in Resources */ = {isa = PBXBuildFile; fileRef = 5C509F7E20661862005981B2 /* GameScene.sks */; };
		5C509F8120661862005981B2 /* Actions.sks in Resources */ = {isa = PBXBuildFile; fileRef = 5C509F8020661862005981B2 /* Actions.sks */; };
		5C509F8320661862005981B2 /* GameScene.swift in Sources */ = {isa = PBXBuildFile; fileRef = 5C509F8220661862005981B2 /* GameScene.swift */; };
		5C509F8520661862005981B2 /* GameViewController.swift in Sources */ = {isa = PBXBuildFile; fileRef = 5C509F8420661862005981B2 /* GameViewController.swift */; };
		5C509F8820661862005981B2 /* Main.storyboard in Resources */ = {isa = PBXBuildFile; fileRef = 5C509F8620661862005981B2 /* Main.storyboard */; };
		5C509F8A20661862005981B2 /* Assets.xcassets in Resources */ = {isa = PBXBuildFile; fileRef = 5C509F8920661862005981B2 /* Assets.xcassets */; };
		5C509F8D20661862005981B2 /* LaunchScreen.storyboard in Resources */ = {isa = PBXBuildFile; fileRef = 5C509F8B20661862005981B2 /* LaunchScreen.storyboard */; };
		5C509F9820661862005981B2 /* Political_Party_0_1Tests.swift in Sources */ = {isa = PBXBuildFile; fileRef = 5C509F9720661862005981B2 /* Political_Party_0_1Tests.swift */; };
		5C509FA320661862005981B2 /* Political_Party_0_1UITests.swift in Sources */ = {isa = PBXBuildFile; fileRef = 5C509FA220661862005981B2 /* Political_Party_0_1UITests.swift */; };
		5C509FF72066426D005981B2 /* Star.swift in Sources */ = {isa = PBXBuildFile; fileRef = 5C509FF62066426D005981B2 /* Star.swift */; };
/* End PBXBuildFile section */

/* Begin PBXContainerItemProxy section */
		5C509F9420661862005981B2 /* PBXContainerItemProxy */ = {
			isa = PBXContainerItemProxy;
			containerPortal = 5C509F7120661862005981B2 /* Project object */;
			proxyType = 1;
			remoteGlobalIDString = 5C509F7820661862005981B2;
			remoteInfo = "Political Party 0.1";
		};
		5C509F9F20661862005981B2 /* PBXContainerItemProxy */ = {
			isa = PBXContainerItemProxy;
			containerPortal = 5C509F7120661862005981B2 /* Project object */;
			proxyType = 1;
			remoteGlobalIDString = 5C509F7820661862005981B2;
			remoteInfo = "Political Party 0.1";
		};
/* End PBXContainerItemProxy section */

/* Begin PBXFileReference section */
		5C509F7920661862005981B2 /* Political Party 0.1.app */ = {isa = PBXFileReference; explicitFileType = wrapper.application; includeInIndex = 0; path = "Political Party 0.1.app"; sourceTree = BUILT_PRODUCTS_DIR; };
		5C509F7C20661862005981B2 /* AppDelegate.swift */ = {isa = PBXFileReference; lastKnownFileType = sourcecode.swift; path = AppDelegate.swift; sourceTree = "<group>"; };
		5C509F7E20661862005981B2 /* GameScene.sks */ = {isa = PBXFileReference; lastKnownFileType = file.sks; path = GameScene.sks; sourceTree = "<group>"; };
		5C509F8020661862005981B2 /* Actions.sks */ = {isa = PBXFileReference; lastKnownFileType = file.sks; path = Actions.sks; sourceTree = "<group>"; };
		5C509F8220661862005981B2 /* GameScene.swift */ = {isa = PBXFileReference; lastKnownFileType = sourcecode.swift; path = GameScene.swift; sourceTree = "<group>"; };
		5C509F8420661862005981B2 /* GameViewController.swift */ = {isa = PBXFileReference; lastKnownFileType = sourcecode.swift; path = GameViewController.swift; sourceTree = "<group>"; };
		5C509F8720661862005981B2 /* Base */ = {isa = PBXFileReference; lastKnownFileType = file.storyboard; name = Base; path = Base.lproj/Main.storyboard; sourceTree = "<group>"; };
		5C509F8920661862005981B2 /* Assets.xcassets */ = {isa = PBXFileReference; lastKnownFileType = folder.assetcatalog; path = Assets.xcassets; sourceTree = "<group>"; };
		5C509F8C20661862005981B2 /* Base */ = {isa = PBXFileReference; lastKnownFileType = file.storyboard; name = Base; path = Base.lproj/LaunchScreen.storyboard; sourceTree = "<group>"; };
		5C509F8E20661862005981B2 /* Info.plist */ = {isa = PBXFileReference; lastKnownFileType = text.plist.xml; path = Info.plist; sourceTree = "<group>"; };
		5C509F9320661862005981B2 /* Political Party 0.1Tests.xctest */ = {isa = PBXFileReference; explicitFileType = wrapper.cfbundle; includeInIndex = 0; path = "Political Party 0.1Tests.xctest"; sourceTree = BUILT_PRODUCTS_DIR; };
		5C509F9720661862005981B2 /* Political_Party_0_1Tests.swift */ = {isa = PBXFileReference; lastKnownFileType = sourcecode.swift; path = Political_Party_0_1Tests.swift; sourceTree = "<group>"; };
		5C509F9920661862005981B2 /* Info.plist */ = {isa = PBXFileReference; lastKnownFileType = text.plist.xml; path = Info.plist; sourceTree = "<group>"; };
		5C509F9E20661862005981B2 /* Political Party 0.1UITests.xctest */ = {isa = PBXFileReference; explicitFileType = wrapper.cfbundle; includeInIndex = 0; path = "Political Party 0.1UITests.xctest"; sourceTree = BUILT_PRODUCTS_DIR; };
		5C509FA220661862005981B2 /* Political_Party_0_1UITests.swift */ = {isa = PBXFileReference; lastKnownFileType = sourcecode.swift; path = Political_Party_0_1UITests.swift; sourceTree = "<group>"; };
		5C509FA420661862005981B2 /* Info.plist */ = {isa = PBXFileReference; lastKnownFileType = text.plist.xml; path = Info.plist; sourceTree = "<group>"; };
		5C509FF62066426D005981B2 /* Star.swift */ = {isa = PBXFileReference; lastKnownFileType = sourcecode.swift; path = Star.swift; sourceTree = "<group>"; };
/* End PBXFileReference section */

/* Begin PBXFrameworksBuildPhase section */
		5C509F7620661862005981B2 /* Frameworks */ = {
			isa = PBXFrameworksBuildPhase;
			buildActionMask = 2147483647;
			files = (
			);
			runOnlyForDeploymentPostprocessing = 0;
		};
		5C509F9020661862005981B2 /* Frameworks */ = {
			isa = PBXFrameworksBuildPhase;
			buildActionMask = 2147483647;
			files = (
			);
			runOnlyForDeploymentPostprocessing = 0;
		};
		5C509F9B20661862005981B2 /* Frameworks */ = {
			isa = PBXFrameworksBuildPhase;
			buildActionMask = 2147483647;
			files = (
			);
			runOnlyForDeploymentPostprocessing = 0;
		};
/* End PBXFrameworksBuildPhase section */

/* Begin PBXGroup section */
		5C509F7020661862005981B2 = {
			isa = PBXGroup;
			children = (
				5C509F7B20661862005981B2 /* Political Party 0.1 */,
				5C509F9620661862005981B2 /* Political Party 0.1Tests */,
				5C509FA120661862005981B2 /* Political Party 0.1UITests */,
				5C509F7A20661862005981B2 /* Products */,
			);
			sourceTree = "<group>";
		};
		5C509F7A20661862005981B2 /* Products */ = {
			isa = PBXGroup;
			children = (
				5C509F7920661862005981B2 /* Political Party 0.1.app */,
				5C509F9320661862005981B2 /* Political Party 0.1Tests.xctest */,
				5C509F9E20661862005981B2 /* Political Party 0.1UITests.xctest */,
			);
			name = Products;
			sourceTree = "<group>";
		};
		5C509F7B20661862005981B2 /* Political Party 0.1 */ = {
			isa = PBXGroup;
			children = (
				5C509F7C20661862005981B2 /* AppDelegate.swift */,
				5C509F7E20661862005981B2 /* GameScene.sks */,
				5C509F8020661862005981B2 /* Actions.sks */,
				5C509F8220661862005981B2 /* GameScene.swift */,
				5C509FF62066426D005981B2 /* Star.swift */,
				5C509F8420661862005981B2 /* GameViewController.swift */,
				5C509F8620661862005981B2 /* Main.storyboard */,
				5C509F8920661862005981B2 /* Assets.xcassets */,
				5C509F8B20661862005981B2 /* LaunchScreen.storyboard */,
				5C509F8E20661862005981B2 /* Info.plist */,
			);
			path = "Political Party 0.1";
			sourceTree = "<group>";
		};
		5C509F9620661862005981B2 /* Political Party 0.1Tests */ = {
			isa = PBXGroup;
			children = (
				5C509F9720661862005981B2 /* Political_Party_0_1Tests.swift */,
				5C509F9920661862005981B2 /* Info.plist */,
			);
			path = "Political Party 0.1Tests";
			sourceTree = "<group>";
		};
		5C509FA120661862005981B2 /* Political Party 0.1UITests */ = {
			isa = PBXGroup;
			children = (
				5C509FA220661862005981B2 /* Political_Party_0_1UITests.swift */,
				5C509FA420661862005981B2 /* Info.plist */,
			);
			path = "Political Party 0.1UITests";
			sourceTree = "<group>";
		};
/* End PBXGroup section */

/* Begin PBXNativeTarget section */
		5C509F7820661862005981B2 /* Political Party 0.1 */ = {
			isa = PBXNativeTarget;
			buildConfigurationList = 5C509FA720661862005981B2 /* Build configuration list for PBXNativeTarget "Political Party 0.1" */;
			buildPhases = (
				5C509F7520661862005981B2 /* Sources */,
				5C509F7620661862005981B2 /* Frameworks */,
				5C509F7720661862005981B2 /* Resources */,
			);
			buildRules = (
			);
			dependencies = (
			);
			name = "Political Party 0.1";
			productName = "Political Party 0.1";
			productReference = 5C509F7920661862005981B2 /* Political Party 0.1.app */;
			productType = "com.apple.product-type.application";
		};
		5C509F9220661862005981B2 /* Political Party 0.1Tests */ = {
			isa = PBXNativeTarget;
			buildConfigurationList = 5C509FAA20661862005981B2 /* Build configuration list for PBXNativeTarget "Political Party 0.1Tests" */;
			buildPhases = (
				5C509F8F20661862005981B2 /* Sources */,
				5C509F9020661862005981B2 /* Frameworks */,
				5C509F9120661862005981B2 /* Resources */,
			);
			buildRules = (
			);
			dependencies = (
				5C509F9520661862005981B2 /* PBXTargetDependency */,
			);
			name = "Political Party 0.1Tests";
			productName = "Political Party 0.1Tests";
			productReference = 5C509F9320661862005981B2 /* Political Party 0.1Tests.xctest */;
			productType = "com.apple.product-type.bundle.unit-test";
		};
		5C509F9D20661862005981B2 /* Political Party 0.1UITests */ = {
			isa = PBXNativeTarget;
			buildConfigurationList = 5C509FAD20661862005981B2 /* Build configuration list for PBXNativeTarget "Political Party 0.1UITests" */;
			buildPhases = (
				5C509F9A20661862005981B2 /* Sources */,
				5C509F9B20661862005981B2 /* Frameworks */,
				5C509F9C20661862005981B2 /* Resources */,
			);
			buildRules = (
			);
			dependencies = (
				5C509FA020661862005981B2 /* PBXTargetDependency */,
			);
			name = "Political Party 0.1UITests";
			productName = "Political Party 0.1UITests";
			productReference = 5C509F9E20661862005981B2 /* Political Party 0.1UITests.xctest */;
			productType = "com.apple.product-type.bundle.ui-testing";
		};
/* End PBXNativeTarget section */

/* Begin PBXProject section */
		5C509F7120661862005981B2 /* Project object */ = {
			isa = PBXProject;
			attributes = {
				LastSwiftUpdateCheck = 0920;
				LastUpgradeCheck = 0920;
				ORGANIZATIONNAME = "Patrick Bruce";
				TargetAttributes = {
					5C509F7820661862005981B2 = {
						CreatedOnToolsVersion = 9.2;
						ProvisioningStyle = Automatic;
					};
					5C509F9220661862005981B2 = {
						CreatedOnToolsVersion = 9.2;
						ProvisioningStyle = Automatic;
						TestTargetID = 5C509F7820661862005981B2;
					};
					5C509F9D20661862005981B2 = {
						CreatedOnToolsVersion = 9.2;
						ProvisioningStyle = Automatic;
						TestTargetID = 5C509F7820661862005981B2;
					};
				};
			};
			buildConfigurationList = 5C509F7420661862005981B2 /* Build configuration list for PBXProject "Political Party 0.1" */;
			compatibilityVersion = "Xcode 8.0";
			developmentRegion = en;
			hasScannedForEncodings = 0;
			knownRegions = (
				en,
				Base,
			);
			mainGroup = 5C509F7020661862005981B2;
			productRefGroup = 5C509F7A20661862005981B2 /* Products */;
			projectDirPath = "";
			projectRoot = "";
			targets = (
				5C509F7820661862005981B2 /* Political Party 0.1 */,
				5C509F9220661862005981B2 /* Political Party 0.1Tests */,
				5C509F9D20661862005981B2 /* Political Party 0.1UITests */,
			);
		};
/* End PBXProject section */

/* Begin PBXResourcesBuildPhase section */
		5C509F7720661862005981B2 /* Resources */ = {
			isa = PBXResourcesBuildPhase;
			buildActionMask = 2147483647;
			files = (
				5C509F8820661862005981B2 /* Main.storyboard in Resources */,
				5C509F7F20661862005981B2 /* GameScene.sks in Resources */,
				5C509F8A20661862005981B2 /* Assets.xcassets in Resources */,
				5C509F8D20661862005981B2 /* LaunchScreen.storyboard in Resources */,
				5C509F8120661862005981B2 /* Actions.sks in Resources */,
			);
			runOnlyForDeploymentPostprocessing = 0;
		};
		5C509F9120661862005981B2 /* Resources */ = {
			isa = PBXResourcesBuildPhase;
			buildActionMask = 2147483647;
			files = (
			);
			runOnlyForDeploymentPostprocessing = 0;
		};
		5C509F9C20661862005981B2 /* Resources */ = {
			isa = PBXResourcesBuildPhase;
			buildActionMask = 2147483647;
			files = (
			);
			runOnlyForDeploymentPostprocessing = 0;
		};
/* End PBXResourcesBuildPhase section */

/* Begin PBXSourcesBuildPhase section */
		5C509F7520661862005981B2 /* Sources */ = {
			isa = PBXSourcesBuildPhase;
			buildActionMask = 2147483647;
			files = (
				5C509F8320661862005981B2 /* GameScene.swift in Sources */,
				5C509F8520661862005981B2 /* GameViewController.swift in Sources */,
				5C509FF72066426D005981B2 /* Star.swift in Sources */,
				5C509F7D20661862005981B2 /* AppDelegate.swift in Sources */,
			);
			runOnlyForDeploymentPostprocessing = 0;
		};
		5C509F8F20661862005981B2 /* Sources */ = {
			isa = PBXSourcesBuildPhase;
			buildActionMask = 2147483647;
			files = (
				5C509F9820661862005981B2 /* Political_Party_0_1Tests.swift in Sources */,
			);
			runOnlyForDeploymentPostprocessing = 0;
		};
		5C509F9A20661862005981B2 /* Sources */ = {
			isa = PBXSourcesBuildPhase;
			buildActionMask = 2147483647;
			files = (
				5C509FA320661862005981B2 /* Political_Party_0_1UITests.swift in Sources */,
			);
			runOnlyForDeploymentPostprocessing = 0;
		};
/* End PBXSourcesBuildPhase section */

/* Begin PBXTargetDependency section */
		5C509F9520661862005981B2 /* PBXTargetDependency */ = {
			isa = PBXTargetDependency;
			target = 5C509F7820661862005981B2 /* Political Party 0.1 */;
			targetProxy = 5C509F9420661862005981B2 /* PBXContainerItemProxy */;
		};
		5C509FA020661862005981B2 /* PBXTargetDependency */ = {
			isa = PBXTargetDependency;
			target = 5C509F7820661862005981B2 /* Political Party 0.1 */;
			targetProxy = 5C509F9F20661862005981B2 /* PBXContainerItemProxy */;
		};
/* End PBXTargetDependency section */

/* Begin PBXVariantGroup section */
		5C509F8620661862005981B2 /* Main.storyboard */ = {
			isa = PBXVariantGroup;
			children = (
				5C509F8720661862005981B2 /* Base */,
			);
			name = Main.storyboard;
			sourceTree = "<group>";
		};
		5C509F8B20661862005981B2 /* LaunchScreen.storyboard */ = {
			isa = PBXVariantGroup;
			children = (
				5C509F8C20661862005981B2 /* Base */,
			);
			name = LaunchScreen.storyboard;
			sourceTree = "<group>";
		};
/* End PBXVariantGroup section */

/* Begin XCBuildConfiguration section */
		5C509FA520661862005981B2 /* Debug */ = {
			isa = XCBuildConfiguration;
			buildSettings = {
				ALWAYS_SEARCH_USER_PATHS = NO;
				CLANG_ANALYZER_NONNULL = YES;
				CLANG_ANALYZER_NUMBER_OBJECT_CONVERSION = YES_AGGRESSIVE;
				CLANG_CXX_LANGUAGE_STANDARD = "gnu++14";
				CLANG_CXX_LIBRARY = "libc++";
				CLANG_ENABLE_MODULES = YES;
				CLANG_ENABLE_OBJC_ARC = YES;
				CLANG_WARN_BLOCK_CAPTURE_AUTORELEASING = YES;
				CLANG_WARN_BOOL_CONVERSION = YES;
				CLANG_WARN_COMMA = YES;
				CLANG_WARN_CONSTANT_CONVERSION = YES;
				CLANG_WARN_DIRECT_OBJC_ISA_USAGE = YES_ERROR;
				CLANG_WARN_DOCUMENTATION_COMMENTS = YES;
				CLANG_WARN_EMPTY_BODY = YES;
				CLANG_WARN_ENUM_CONVERSION = YES;
				CLANG_WARN_INFINITE_RECURSION = YES;
				CLANG_WARN_INT_CONVERSION = YES;
				CLANG_WARN_NON_LITERAL_NULL_CONVERSION = YES;
				CLANG_WARN_OBJC_LITERAL_CONVERSION = YES;
				CLANG_WARN_OBJC_ROOT_CLASS = YES_ERROR;
				CLANG_WARN_RANGE_LOOP_ANALYSIS = YES;
				CLANG_WARN_STRICT_PROTOTYPES = YES;
				CLANG_WARN_SUSPICIOUS_MOVE = YES;
				CLANG_WARN_UNGUARDED_AVAILABILITY = YES_AGGRESSIVE;
				CLANG_WARN_UNREACHABLE_CODE = YES;
				CLANG_WARN__DUPLICATE_METHOD_MATCH = YES;
				CODE_SIGN_IDENTITY = "iPhone Developer";
				COPY_PHASE_STRIP = NO;
				DEBUG_INFORMATION_FORMAT = dwarf;
				ENABLE_STRICT_OBJC_MSGSEND = YES;
				ENABLE_TESTABILITY = YES;
				GCC_C_LANGUAGE_STANDARD = gnu11;
				GCC_DYNAMIC_NO_PIC = NO;
				GCC_NO_COMMON_BLOCKS = YES;
				GCC_OPTIMIZATION_LEVEL = 0;
				GCC_PREPROCESSOR_DEFINITIONS = (
					"DEBUG=1",
					"$(inherited)",
				);
				GCC_WARN_64_TO_32_BIT_CONVERSION = YES;
				GCC_WARN_ABOUT_RETURN_TYPE = YES_ERROR;
				GCC_WARN_UNDECLARED_SELECTOR = YES;
				GCC_WARN_UNINITIALIZED_AUTOS = YES_AGGRESSIVE;
				GCC_WARN_UNUSED_FUNCTION = YES;
				GCC_WARN_UNUSED_VARIABLE = YES;
				IPHONEOS_DEPLOYMENT_TARGET = 11.2;
				MTL_ENABLE_DEBUG_INFO = YES;
				ONLY_ACTIVE_ARCH = YES;
				SDKROOT = iphoneos;
				SWIFT_ACTIVE_COMPILATION_CONDITIONS = DEBUG;
				SWIFT_OPTIMIZATION_LEVEL = "-Onone";
			};
			name = Debug;
		};
		5C509FA620661862005981B2 /* Release */ = {
			isa = XCBuildConfiguration;
			buildSettings = {
				ALWAYS_SEARCH_USER_PATHS = NO;
				CLANG_ANALYZER_NONNULL = YES;
				CLANG_ANALYZER_NUMBER_OBJECT_CONVERSION = YES_AGGRESSIVE;
				CLANG_CXX_LANGUAGE_STANDARD = "gnu++14";
				CLANG_CXX_LIBRARY = "libc++";
				CLANG_ENABLE_MODULES = YES;
				CLANG_ENABLE_OBJC_ARC = YES;
				CLANG_WARN_BLOCK_CAPTURE_AUTORELEASING = YES;
				CLANG_WARN_BOOL_CONVERSION = YES;
				CLANG_WARN_COMMA = YES;
				CLANG_WARN_CONSTANT_CONVERSION = YES;
				CLANG_WARN_DIRECT_OBJC_ISA_USAGE = YES_ERROR;
				CLANG_WARN_DOCUMENTATION_COMMENTS = YES;
				CLANG_WARN_EMPTY_BODY = YES;
				CLANG_WARN_ENUM_CONVERSION = YES;
				CLANG_WARN_INFINITE_RECURSION = YES;
				CLANG_WARN_INT_CONVERSION = YES;
				CLANG_WARN_NON_LITERAL_NULL_CONVERSION = YES;
				CLANG_WARN_OBJC_LITERAL_CONVERSION = YES;
				CLANG_WARN_OBJC_ROOT_CLASS = YES_ERROR;
				CLANG_WARN_RANGE_LOOP_ANALYSIS = YES;
				CLANG_WARN_STRICT_PROTOTYPES = YES;
				CLANG_WARN_SUSPICIOUS_MOVE = YES;
				CLANG_WARN_UNGUARDED_AVAILABILITY = YES_AGGRESSIVE;
				CLANG_WARN_UNREACHABLE_CODE = YES;
				CLANG_WARN__DUPLICATE_METHOD_MATCH = YES;
				CODE_SIGN_IDENTITY = "iPhone Developer";
				COPY_PHASE_STRIP = NO;
				DEBUG_INFORMATION_FORMAT = "dwarf-with-dsym";
				ENABLE_NS_ASSERTIONS = NO;
				ENABLE_STRICT_OBJC_MSGSEND = YES;
				GCC_C_LANGUAGE_STANDARD = gnu11;
				GCC_NO_COMMON_BLOCKS = YES;
				GCC_WARN_64_TO_32_BIT_CONVERSION = YES;
				GCC_WARN_ABOUT_RETURN_TYPE = YES_ERROR;
				GCC_WARN_UNDECLARED_SELECTOR = YES;
				GCC_WARN_UNINITIALIZED_AUTOS = YES_AGGRESSIVE;
				GCC_WARN_UNUSED_FUNCTION = YES;
				GCC_WARN_UNUSED_VARIABLE = YES;
				IPHONEOS_DEPLOYMENT_TARGET = 11.2;
				MTL_ENABLE_DEBUG_INFO = NO;
				SDKROOT = iphoneos;
				SWIFT_OPTIMIZATION_LEVEL = "-Owholemodule";
				VALIDATE_PRODUCT = YES;
			};
			name = Release;
		};
		5C509FA820661862005981B2 /* Debug */ = {
			isa = XCBuildConfiguration;
			buildSettings = {
				ASSETCATALOG_COMPILER_APPICON_NAME = AppIcon;
				CODE_SIGN_STYLE = Automatic;
				INFOPLIST_FILE = "Political Party 0.1/Info.plist";
				LD_RUNPATH_SEARCH_PATHS = "$(inherited) @executable_path/Frameworks";
				PRODUCT_BUNDLE_IDENTIFIER = "Katie-Patrick.Political-Party-0-1";
				PRODUCT_NAME = "$(TARGET_NAME)";
				SWIFT_VERSION = 4.0;
				TARGETED_DEVICE_FAMILY = "1,2";
			};
			name = Debug;
		};
		5C509FA920661862005981B2 /* Release */ = {
			isa = XCBuildConfiguration;
			buildSettings = {
				ASSETCATALOG_COMPILER_APPICON_NAME = AppIcon;
				CODE_SIGN_STYLE = Automatic;
				INFOPLIST_FILE = "Political Party 0.1/Info.plist";
				LD_RUNPATH_SEARCH_PATHS = "$(inherited) @executable_path/Frameworks";
				PRODUCT_BUNDLE_IDENTIFIER = "Katie-Patrick.Political-Party-0-1";
				PRODUCT_NAME = "$(TARGET_NAME)";
				SWIFT_VERSION = 4.0;
				TARGETED_DEVICE_FAMILY = "1,2";
			};
			name = Release;
		};
		5C509FAB20661862005981B2 /* Debug */ = {
			isa = XCBuildConfiguration;
			buildSettings = {
				ALWAYS_EMBED_SWIFT_STANDARD_LIBRARIES = YES;
				BUNDLE_LOADER = "$(TEST_HOST)";
				CODE_SIGN_STYLE = Automatic;
				INFOPLIST_FILE = "Political Party 0.1Tests/Info.plist";
				LD_RUNPATH_SEARCH_PATHS = "$(inherited) @executable_path/Frameworks @loader_path/Frameworks";
				PRODUCT_BUNDLE_IDENTIFIER = "Katie-Patrick.Political-Party-0-1Tests";
				PRODUCT_NAME = "$(TARGET_NAME)";
				SWIFT_VERSION = 4.0;
				TARGETED_DEVICE_FAMILY = "1,2";
				TEST_HOST = "$(BUILT_PRODUCTS_DIR)/Political Party 0.1.app/Political Party 0.1";
			};
			name = Debug;
		};
		5C509FAC20661862005981B2 /* Release */ = {
			isa = XCBuildConfiguration;
			buildSettings = {
				ALWAYS_EMBED_SWIFT_STANDARD_LIBRARIES = YES;
				BUNDLE_LOADER = "$(TEST_HOST)";
				CODE_SIGN_STYLE = Automatic;
				INFOPLIST_FILE = "Political Party 0.1Tests/Info.plist";
				LD_RUNPATH_SEARCH_PATHS = "$(inherited) @executable_path/Frameworks @loader_path/Frameworks";
				PRODUCT_BUNDLE_IDENTIFIER = "Katie-Patrick.Political-Party-0-1Tests";
				PRODUCT_NAME = "$(TARGET_NAME)";
				SWIFT_VERSION = 4.0;
				TARGETED_DEVICE_FAMILY = "1,2";
				TEST_HOST = "$(BUILT_PRODUCTS_DIR)/Political Party 0.1.app/Political Party 0.1";
			};
			name = Release;
		};
		5C509FAE20661862005981B2 /* Debug */ = {
			isa = XCBuildConfiguration;
			buildSettings = {
				ALWAYS_EMBED_SWIFT_STANDARD_LIBRARIES = YES;
				CODE_SIGN_STYLE = Automatic;
				INFOPLIST_FILE = "Political Party 0.1UITests/Info.plist";
				LD_RUNPATH_SEARCH_PATHS = "$(inherited) @executable_path/Frameworks @loader_path/Frameworks";
				PRODUCT_BUNDLE_IDENTIFIER = "Katie-Patrick.Political-Party-0-1UITests";
				PRODUCT_NAME = "$(TARGET_NAME)";
				SWIFT_VERSION = 4.0;
				TARGETED_DEVICE_FAMILY = "1,2";
				TEST_TARGET_NAME = "Political Party 0.1";
			};
			name = Debug;
		};
		5C509FAF20661862005981B2 /* Release */ = {
			isa = XCBuildConfiguration;
			buildSettings = {
				ALWAYS_EMBED_SWIFT_STANDARD_LIBRARIES = YES;
				CODE_SIGN_STYLE = Automatic;
				INFOPLIST_FILE = "Political Party 0.1UITests/Info.plist";
				LD_RUNPATH_SEARCH_PATHS = "$(inherited) @executable_path/Frameworks @loader_path/Frameworks";
				PRODUCT_BUNDLE_IDENTIFIER = "Katie-Patrick.Political-Party-0-1UITests";
				PRODUCT_NAME = "$(TARGET_NAME)";
				SWIFT_VERSION = 4.0;
				TARGETED_DEVICE_FAMILY = "1,2";
				TEST_TARGET_NAME = "Political Party 0.1";
			};
			name = Release;
		};
/* End XCBuildConfiguration section */

/* Begin XCConfigurationList section */
		5C509F7420661862005981B2 /* Build configuration list for PBXProject "Political Party 0.1" */ = {
			isa = XCConfigurationList;
			buildConfigurations = (
				5C509FA520661862005981B2 /* Debug */,
				5C509FA620661862005981B2 /* Release */,
			);
			defaultConfigurationIsVisible = 0;
			defaultConfigurationName = Release;
		};
		5C509FA720661862005981B2 /* Build configuration list for PBXNativeTarget "Political Party 0.1" */ = {
			isa = XCConfigurationList;
			buildConfigurations = (
				5C509FA820661862005981B2 /* Debug */,
				5C509FA920661862005981B2 /* Release */,
			);
			defaultConfigurationIsVisible = 0;
			defaultConfigurationName = Release;
		};
		5C509FAA20661862005981B2 /* Build configuration list for PBXNativeTarget "Political Party 0.1Tests" */ = {
			isa = XCConfigurationList;
			buildConfigurations = (
				5C509FAB20661862005981B2 /* Debug */,
				5C509FAC20661862005981B2 /* Release */,
			);
			defaultConfigurationIsVisible = 0;
			defaultConfigurationName = Release;
		};
		5C509FAD20661862005981B2 /* Build configuration list for PBXNativeTarget "Political Party 0.1UITests" */ = {
			isa = XCConfigurationList;
			buildConfigurations = (
				5C509FAE20661862005981B2 /* Debug */,
				5C509FAF20661862005981B2 /* Release */,
			);
			defaultConfigurationIsVisible = 0;
			defaultConfigurationName = Release;
		};
/* End XCConfigurationList section */
	};
	rootObject = 5C509F7120661862005981B2 /* Project object */;
}
